
Microsoft Visual Studio Solution File, Format Version 12.00
# Visual Studio 15
VisualStudioVersion = 15.0.27004.2009
MinimumVisualStudioVersion = 10.0.40219.1
Project("{FAE04EC0-301F-11D3-BF4B-00C04F79EFBC}") = "CorkCollector.Web.API", "CorkCollector.Web.API\CorkCollector.Web.API.csproj", "{218A5CD8-E55B-4A7E-9928-3C2444B249BD}"
EndProject
Project("{FAE04EC0-301F-11D3-BF4B-00C04F79EFBC}") = "CorkCollector.Data", "CorkCollector.Data\CorkCollector.Data.csproj", "{A44135E9-5AFB-4320-80C3-101CFAE72386}"
EndProject
Project("{FAE04EC0-301F-11D3-BF4B-00C04F79EFBC}") = "CorkCollector.Utility", "CorkCollector.Utility\CorkCollector.Utility.csproj", "{964E4872-1CBF-45AF-BF87-12C969EE1129}"
EndProject
Project("{FAE04EC0-301F-11D3-BF4B-00C04F79EFBC}") = "CorkCollector.Test", "CorkCollector.Test\CorkCollector.Test.csproj", "{62C6D00B-5160-4B68-9A49-AA67B7C41B90}"
EndProject
Global
	GlobalSection(SolutionConfigurationPlatforms) = preSolution
		Debug|Any CPU = Debug|Any CPU
		Release|Any CPU = Release|Any CPU
	EndGlobalSection
	GlobalSection(ProjectConfigurationPlatforms) = postSolution
		{218A5CD8-E55B-4A7E-9928-3C2444B249BD}.Debug|Any CPU.ActiveCfg = Debug|Any CPU
		{218A5CD8-E55B-4A7E-9928-3C2444B249BD}.Debug|Any CPU.Build.0 = Debug|Any CPU
		{218A5CD8-E55B-4A7E-9928-3C2444B249BD}.Release|Any CPU.ActiveCfg = Release|Any CPU
		{218A5CD8-E55B-4A7E-9928-3C2444B249BD}.Release|Any CPU.Build.0 = Release|Any CPU
		{A44135E9-5AFB-4320-80C3-101CFAE72386}.Debug|Any CPU.ActiveCfg = Debug|Any CPU
		{A44135E9-5AFB-4320-80C3-101CFAE72386}.Debug|Any CPU.Build.0 = Debug|Any CPU
		{A44135E9-5AFB-4320-80C3-101CFAE72386}.Release|Any CPU.ActiveCfg = Release|Any CPU
		{A44135E9-5AFB-4320-80C3-101CFAE72386}.Release|Any CPU.Build.0 = Release|Any CPU
		{964E4872-1CBF-45AF-BF87-12C969EE1129}.Debug|Any CPU.ActiveCfg = Debug|Any CPU
		{964E4872-1CBF-45AF-BF87-12C969EE1129}.Debug|Any CPU.Build.0 = Debug|Any CPU
		{964E4872-1CBF-45AF-BF87-12C969EE1129}.Release|Any CPU.ActiveCfg = Release|Any CPU
		{964E4872-1CBF-45AF-BF87-12C969EE1129}.Release|Any CPU.Build.0 = Release|Any CPU
		{62C6D00B-5160-4B68-9A49-AA67B7C41B90}.Debug|Any CPU.ActiveCfg = Debug|Any CPU
		{62C6D00B-5160-4B68-9A49-AA67B7C41B90}.Debug|Any CPU.Build.0 = Debug|Any CPU
		{62C6D00B-5160-4B68-9A49-AA67B7C41B90}.Release|Any CPU.ActiveCfg = Release|Any CPU
		{62C6D00B-5160-4B68-9A49-AA67B7C41B90}.Release|Any CPU.Build.0 = Release|Any CPU
	EndGlobalSection
	GlobalSection(SolutionProperties) = preSolution
		HideSolutionNode = FALSE
	EndGlobalSection
	GlobalSection(ExtensibilityGlobals) = postSolution
		SolutionGuid = {60C9CD7C-B96E-471F-A6DA-AC5AAA62A689}
	EndGlobalSection
EndGlobal
